
Microsoft Visual Studio Solution File, Format Version 12.00
# Visual Studio Version 16
VisualStudioVersion = 16.0.29709.97
MinimumVisualStudioVersion = 10.0.40219.1
Project("{FAE04EC0-301F-11D3-BF4B-00C04F79EFBC}") = "HomeApp", "HomeApp\HomeApp.csproj", "{2A087462-F41E-47CB-90B2-4A5A64461628}"
EndProject
Project("{FAE04EC0-301F-11D3-BF4B-00C04F79EFBC}") = "HomeApp.Core", "HomeApp.Core\HomeApp.Core.csproj", "{0E1AF34D-7836-4725-A35D-B65FA956E2E7}"
EndProject
Global
	GlobalSection(SolutionConfigurationPlatforms) = preSolution
		Debug|Any CPU = Debug|Any CPU
		Release|Any CPU = Release|Any CPU
	EndGlobalSection
	GlobalSection(ProjectConfigurationPlatforms) = postSolution
		{2A087462-F41E-47CB-90B2-4A5A64461628}.Debug|Any CPU.ActiveCfg = Debug|Any CPU
		{2A087462-F41E-47CB-90B2-4A5A64461628}.Debug|Any CPU.Build.0 = Debug|Any CPU
		{2A087462-F41E-47CB-90B2-4A5A64461628}.Release|Any CPU.ActiveCfg = Release|Any CPU
		{2A087462-F41E-47CB-90B2-4A5A64461628}.Release|Any CPU.Build.0 = Release|Any CPU
		{0E1AF34D-7836-4725-A35D-B65FA956E2E7}.Debug|Any CPU.ActiveCfg = Debug|Any CPU
		{0E1AF34D-7836-4725-A35D-B65FA956E2E7}.Debug|Any CPU.Build.0 = Debug|Any CPU
		{0E1AF34D-7836-4725-A35D-B65FA956E2E7}.Release|Any CPU.ActiveCfg = Release|Any CPU
		{0E1AF34D-7836-4725-A35D-B65FA956E2E7}.Release|Any CPU.Build.0 = Release|Any CPU
	EndGlobalSection
	GlobalSection(SolutionProperties) = preSolution
		HideSolutionNode = FALSE
	EndGlobalSection
	GlobalSection(ExtensibilityGlobals) = postSolution
		SolutionGuid = {D4648683-0BD8-48C9-A58A-CF8154067579}
	EndGlobalSection
EndGlobal
